// !$*UTF8*$!
{
	archiveVersion = 1;
	classes = {
	};
	objectVersion = 46;
	objects = {

/* Begin PBXBuildFile section */
		3A5B250918E1CF0900BD9103 /* Foundation.framework in Frameworks */ = {isa = PBXBuildFile; fileRef = 3A5B250818E1CF0900BD9103 /* Foundation.framework */; };
		3A5B250B18E1CF0900BD9103 /* CoreGraphics.framework in Frameworks */ = {isa = PBXBuildFile; fileRef = 3A5B250A18E1CF0900BD9103 /* CoreGraphics.framework */; };
		3A5B250D18E1CF0900BD9103 /* UIKit.framework in Frameworks */ = {isa = PBXBuildFile; fileRef = 3A5B250C18E1CF0900BD9103 /* UIKit.framework */; };
		3A5B251318E1CF0900BD9103 /* InfoPlist.strings in Resources */ = {isa = PBXBuildFile; fileRef = 3A5B251118E1CF0900BD9103 /* InfoPlist.strings */; };
		3A5B251518E1CF0900BD9103 /* main.m in Sources */ = {isa = PBXBuildFile; fileRef = 3A5B251418E1CF0900BD9103 /* main.m */; };
		3A5B251918E1CF0900BD9103 /* BPGAppDelegate.m in Sources */ = {isa = PBXBuildFile; fileRef = 3A5B251818E1CF0900BD9103 /* BPGAppDelegate.m */; };
		3A5B251B18E1CF0900BD9103 /* Images.xcassets in Resources */ = {isa = PBXBuildFile; fileRef = 3A5B251A18E1CF0900BD9103 /* Images.xcassets */; };
		3A5B252218E1CF0900BD9103 /* XCTest.framework in Frameworks */ = {isa = PBXBuildFile; fileRef = 3A5B252118E1CF0900BD9103 /* XCTest.framework */; };
		3A5B252318E1CF0900BD9103 /* Foundation.framework in Frameworks */ = {isa = PBXBuildFile; fileRef = 3A5B250818E1CF0900BD9103 /* Foundation.framework */; };
		3A5B252418E1CF0900BD9103 /* UIKit.framework in Frameworks */ = {isa = PBXBuildFile; fileRef = 3A5B250C18E1CF0900BD9103 /* UIKit.framework */; };
		3A5B252C18E1CF0900BD9103 /* InfoPlist.strings in Resources */ = {isa = PBXBuildFile; fileRef = 3A5B252A18E1CF0900BD9103 /* InfoPlist.strings */; };
		3A5B252E18E1CF0900BD9103 /* PlaygroundTests.m in Sources */ = {isa = PBXBuildFile; fileRef = 3A5B252D18E1CF0900BD9103 /* PlaygroundTests.m */; };
		3A5B253818E1D05C00BD9103 /* Storyboard.storyboard in Resources */ = {isa = PBXBuildFile; fileRef = 3A5B253718E1D05C00BD9103 /* Storyboard.storyboard */; };
/* End PBXBuildFile section */

/* Begin PBXContainerItemProxy section */
		3A5B252518E1CF0900BD9103 /* PBXContainerItemProxy */ = {
			isa = PBXContainerItemProxy;
			containerPortal = 3A5B24FD18E1CF0900BD9103 /* Project object */;
			proxyType = 1;
			remoteGlobalIDString = 3A5B250418E1CF0900BD9103;
			remoteInfo = Playground;
		};
/* End PBXContainerItemProxy section */

/* Begin PBXFileReference section */
		3A5B250518E1CF0900BD9103 /* Playground.app */ = {isa = PBXFileReference; explicitFileType = wrapper.application; includeInIndex = 0; path = Playground.app; sourceTree = BUILT_PRODUCTS_DIR; };
		3A5B250818E1CF0900BD9103 /* Foundation.framework */ = {isa = PBXFileReference; lastKnownFileType = wrapper.framework; name = Foundation.framework; path = System/Library/Frameworks/Foundation.framework; sourceTree = SDKROOT; };
		3A5B250A18E1CF0900BD9103 /* CoreGraphics.framework */ = {isa = PBXFileReference; lastKnownFileType = wrapper.framework; name = CoreGraphics.framework; path = System/Library/Frameworks/CoreGraphics.framework; sourceTree = SDKROOT; };
		3A5B250C18E1CF0900BD9103 /* UIKit.framework */ = {isa = PBXFileReference; lastKnownFileType = wrapper.framework; name = UIKit.framework; path = System/Library/Frameworks/UIKit.framework; sourceTree = SDKROOT; };
		3A5B251018E1CF0900BD9103 /* Playground-Info.plist */ = {isa = PBXFileReference; lastKnownFileType = text.plist.xml; path = "Playground-Info.plist"; sourceTree = "<group>"; };
		3A5B251218E1CF0900BD9103 /* en */ = {isa = PBXFileReference; lastKnownFileType = text.plist.strings; name = en; path = en.lproj/InfoPlist.strings; sourceTree = "<group>"; };
		3A5B251418E1CF0900BD9103 /* main.m */ = {isa = PBXFileReference; lastKnownFileType = sourcecode.c.objc; path = main.m; sourceTree = "<group>"; };
		3A5B251618E1CF0900BD9103 /* Playground-Prefix.pch */ = {isa = PBXFileReference; lastKnownFileType = sourcecode.c.h; path = "Playground-Prefix.pch"; sourceTree = "<group>"; };
		3A5B251718E1CF0900BD9103 /* BPGAppDelegate.h */ = {isa = PBXFileReference; lastKnownFileType = sourcecode.c.h; path = BPGAppDelegate.h; sourceTree = "<group>"; };
		3A5B251818E1CF0900BD9103 /* BPGAppDelegate.m */ = {isa = PBXFileReference; lastKnownFileType = sourcecode.c.objc; path = BPGAppDelegate.m; sourceTree = "<group>"; };
		3A5B251A18E1CF0900BD9103 /* Images.xcassets */ = {isa = PBXFileReference; lastKnownFileType = folder.assetcatalog; path = Images.xcassets; sourceTree = "<group>"; };
		3A5B252018E1CF0900BD9103 /* PlaygroundTests.xctest */ = {isa = PBXFileReference; explicitFileType = wrapper.cfbundle; includeInIndex = 0; path = PlaygroundTests.xctest; sourceTree = BUILT_PRODUCTS_DIR; };
		3A5B252118E1CF0900BD9103 /* XCTest.framework */ = {isa = PBXFileReference; lastKnownFileType = wrapper.framework; name = XCTest.framework; path = Library/Frameworks/XCTest.framework; sourceTree = DEVELOPER_DIR; };
		3A5B252918E1CF0900BD9103 /* PlaygroundTests-Info.plist */ = {isa = PBXFileReference; lastKnownFileType = text.plist.xml; path = "PlaygroundTests-Info.plist"; sourceTree = "<group>"; };
		3A5B252B18E1CF0900BD9103 /* en */ = {isa = PBXFileReference; lastKnownFileType = text.plist.strings; name = en; path = en.lproj/InfoPlist.strings; sourceTree = "<group>"; };
		3A5B252D18E1CF0900BD9103 /* PlaygroundTests.m */ = {isa = PBXFileReference; lastKnownFileType = sourcecode.c.objc; path = PlaygroundTests.m; sourceTree = "<group>"; };
		3A5B253718E1D05C00BD9103 /* Storyboard.storyboard */ = {isa = PBXFileReference; fileEncoding = 4; lastKnownFileType = file.storyboard; path = Storyboard.storyboard; sourceTree = "<group>"; };
/* End PBXFileReference section */

/* Begin PBXFrameworksBuildPhase section */
		3A5B250218E1CF0900BD9103 /* Frameworks */ = {
			isa = PBXFrameworksBuildPhase;
			buildActionMask = 2147483647;
			files = (
				3A5B250B18E1CF0900BD9103 /* CoreGraphics.framework in Frameworks */,
				3A5B250D18E1CF0900BD9103 /* UIKit.framework in Frameworks */,
				3A5B250918E1CF0900BD9103 /* Foundation.framework in Frameworks */,
			);
			runOnlyForDeploymentPostprocessing = 0;
		};
		3A5B251D18E1CF0900BD9103 /* Frameworks */ = {
			isa = PBXFrameworksBuildPhase;
			buildActionMask = 2147483647;
			files = (
				3A5B252218E1CF0900BD9103 /* XCTest.framework in Frameworks */,
				3A5B252418E1CF0900BD9103 /* UIKit.framework in Frameworks */,
				3A5B252318E1CF0900BD9103 /* Foundation.framework in Frameworks */,
			);
			runOnlyForDeploymentPostprocessing = 0;
		};
/* End PBXFrameworksBuildPhase section */

/* Begin PBXGroup section */
		3A5B24FC18E1CF0900BD9103 = {
			isa = PBXGroup;
			children = (
				3A5B250E18E1CF0900BD9103 /* Playground */,
				3A5B252718E1CF0900BD9103 /* PlaygroundTests */,
				3A5B250718E1CF0900BD9103 /* Frameworks */,
				3A5B250618E1CF0900BD9103 /* Products */,
			);
			sourceTree = "<group>";
		};
		3A5B250618E1CF0900BD9103 /* Products */ = {
			isa = PBXGroup;
			children = (
				3A5B250518E1CF0900BD9103 /* Playground.app */,
				3A5B252018E1CF0900BD9103 /* PlaygroundTests.xctest */,
			);
			name = Products;
			sourceTree = "<group>";
		};
		3A5B250718E1CF0900BD9103 /* Frameworks */ = {
			isa = PBXGroup;
			children = (
				3A5B250818E1CF0900BD9103 /* Foundation.framework */,
				3A5B250A18E1CF0900BD9103 /* CoreGraphics.framework */,
				3A5B250C18E1CF0900BD9103 /* UIKit.framework */,
				3A5B252118E1CF0900BD9103 /* XCTest.framework */,
			);
			name = Frameworks;
			sourceTree = "<group>";
		};
		3A5B250E18E1CF0900BD9103 /* Playground */ = {
			isa = PBXGroup;
			children = (
				3A5B251718E1CF0900BD9103 /* BPGAppDelegate.h */,
				3A5B251818E1CF0900BD9103 /* BPGAppDelegate.m */,
				3A5B251A18E1CF0900BD9103 /* Images.xcassets */,
				3A5B250F18E1CF0900BD9103 /* Supporting Files */,
				3A5B253718E1D05C00BD9103 /* Storyboard.storyboard */,
			);
			path = Playground;
			sourceTree = "<group>";
		};
		3A5B250F18E1CF0900BD9103 /* Supporting Files */ = {
			isa = PBXGroup;
			children = (
				3A5B251018E1CF0900BD9103 /* Playground-Info.plist */,
				3A5B251118E1CF0900BD9103 /* InfoPlist.strings */,
				3A5B251418E1CF0900BD9103 /* main.m */,
				3A5B251618E1CF0900BD9103 /* Playground-Prefix.pch */,
			);
			name = "Supporting Files";
			sourceTree = "<group>";
		};
		3A5B252718E1CF0900BD9103 /* PlaygroundTests */ = {
			isa = PBXGroup;
			children = (
				3A5B252D18E1CF0900BD9103 /* PlaygroundTests.m */,
				3A5B252818E1CF0900BD9103 /* Supporting Files */,
			);
			path = PlaygroundTests;
			sourceTree = "<group>";
		};
		3A5B252818E1CF0900BD9103 /* Supporting Files */ = {
			isa = PBXGroup;
			children = (
				3A5B252918E1CF0900BD9103 /* PlaygroundTests-Info.plist */,
				3A5B252A18E1CF0900BD9103 /* InfoPlist.strings */,
			);
			name = "Supporting Files";
			sourceTree = "<group>";
		};
/* End PBXGroup section */

/* Begin PBXNativeTarget section */
		3A5B250418E1CF0900BD9103 /* Playground */ = {
			isa = PBXNativeTarget;
			buildConfigurationList = 3A5B253118E1CF0900BD9103 /* Build configuration list for PBXNativeTarget "Playground" */;
			buildPhases = (
				3A5B250118E1CF0900BD9103 /* Sources */,
				3A5B250218E1CF0900BD9103 /* Frameworks */,
				3A5B250318E1CF0900BD9103 /* Resources */,
			);
			buildRules = (
			);
			dependencies = (
			);
			name = Playground;
			productName = Playground;
			productReference = 3A5B250518E1CF0900BD9103 /* Playground.app */;
			productType = "com.apple.product-type.application";
		};
		3A5B251F18E1CF0900BD9103 /* PlaygroundTests */ = {
			isa = PBXNativeTarget;
			buildConfigurationList = 3A5B253418E1CF0900BD9103 /* Build configuration list for PBXNativeTarget "PlaygroundTests" */;
			buildPhases = (
				3A5B251C18E1CF0900BD9103 /* Sources */,
				3A5B251D18E1CF0900BD9103 /* Frameworks */,
				3A5B251E18E1CF0900BD9103 /* Resources */,
			);
			buildRules = (
			);
			dependencies = (
				3A5B252618E1CF0900BD9103 /* PBXTargetDependency */,
			);
			name = PlaygroundTests;
			productName = PlaygroundTests;
			productReference = 3A5B252018E1CF0900BD9103 /* PlaygroundTests.xctest */;
			productType = "com.apple.product-type.bundle.unit-test";
		};
/* End PBXNativeTarget section */

/* Begin PBXProject section */
		3A5B24FD18E1CF0900BD9103 /* Project object */ = {
			isa = PBXProject;
			attributes = {
				CLASSPREFIX = BPG;
				LastUpgradeCheck = 0510;
				ORGANIZATIONNAME = "Adrian Stabiszewski";
				TargetAttributes = {
					3A5B251F18E1CF0900BD9103 = {
						TestTargetID = 3A5B250418E1CF0900BD9103;
					};
				};
			};
			buildConfigurationList = 3A5B250018E1CF0900BD9103 /* Build configuration list for PBXProject "Playground" */;
			compatibilityVersion = "Xcode 3.2";
			developmentRegion = English;
			hasScannedForEncodings = 0;
			knownRegions = (
				en,
			);
			mainGroup = 3A5B24FC18E1CF0900BD9103;
			productRefGroup = 3A5B250618E1CF0900BD9103 /* Products */;
			projectDirPath = "";
			projectRoot = "";
			targets = (
				3A5B250418E1CF0900BD9103 /* Playground */,
				3A5B251F18E1CF0900BD9103 /* PlaygroundTests */,
			);
		};
/* End PBXProject section */

/* Begin PBXResourcesBuildPhase section */
		3A5B250318E1CF0900BD9103 /* Resources */ = {
			isa = PBXResourcesBuildPhase;
			buildActionMask = 2147483647;
			files = (
				3A5B251318E1CF0900BD9103 /* InfoPlist.strings in Resources */,
				3A5B251B18E1CF0900BD9103 /* Images.xcassets in Resources */,
				3A5B253818E1D05C00BD9103 /* Storyboard.storyboard in Resources */,
			);
			runOnlyForDeploymentPostprocessing = 0;
		};
		3A5B251E18E1CF0900BD9103 /* Resources */ = {
			isa = PBXResourcesBuildPhase;
			buildActionMask = 2147483647;
			files = (
				3A5B252C18E1CF0900BD9103 /* InfoPlist.strings in Resources */,
			);
			runOnlyForDeploymentPostprocessing = 0;
		};
/* End PBXResourcesBuildPhase section */

/* Begin PBXSourcesBuildPhase section */
		3A5B250118E1CF0900BD9103 /* Sources */ = {
			isa = PBXSourcesBuildPhase;
			buildActionMask = 2147483647;
			files = (
				3A5B251918E1CF0900BD9103 /* BPGAppDelegate.m in Sources */,
				3A5B251518E1CF0900BD9103 /* main.m in Sources */,
			);
			runOnlyForDeploymentPostprocessing = 0;
		};
		3A5B251C18E1CF0900BD9103 /* Sources */ = {
			isa = PBXSourcesBuildPhase;
			buildActionMask = 2147483647;
			files = (
				3A5B252E18E1CF0900BD9103 /* PlaygroundTests.m in Sources */,
			);
			runOnlyForDeploymentPostprocessing = 0;
		};
/* End PBXSourcesBuildPhase section */

/* Begin PBXTargetDependency section */
		3A5B252618E1CF0900BD9103 /* PBXTargetDependency */ = {
			isa = PBXTargetDependency;
			target = 3A5B250418E1CF0900BD9103 /* Playground */;
			targetProxy = 3A5B252518E1CF0900BD9103 /* PBXContainerItemProxy */;
		};
/* End PBXTargetDependency section */

/* Begin PBXVariantGroup section */
		3A5B251118E1CF0900BD9103 /* InfoPlist.strings */ = {
			isa = PBXVariantGroup;
			children = (
				3A5B251218E1CF0900BD9103 /* en */,
			);
			name = InfoPlist.strings;
			sourceTree = "<group>";
		};
		3A5B252A18E1CF0900BD9103 /* InfoPlist.strings */ = {
			isa = PBXVariantGroup;
			children = (
				3A5B252B18E1CF0900BD9103 /* en */,
			);
			name = InfoPlist.strings;
			sourceTree = "<group>";
		};
/* End PBXVariantGroup section */

/* Begin XCBuildConfiguration section */
		3A5B252F18E1CF0900BD9103 /* Debug */ = {
			isa = XCBuildConfiguration;
			buildSettings = {
				ALWAYS_SEARCH_USER_PATHS = NO;
				CLANG_CXX_LANGUAGE_STANDARD = "gnu++0x";
				CLANG_CXX_LIBRARY = "libc++";
				CLANG_ENABLE_MODULES = YES;
				CLANG_ENABLE_OBJC_ARC = YES;
				CLANG_WARN_BOOL_CONVERSION = YES;
				CLANG_WARN_CONSTANT_CONVERSION = YES;
				CLANG_WARN_DIRECT_OBJC_ISA_USAGE = YES_ERROR;
				CLANG_WARN_EMPTY_BODY = YES;
				CLANG_WARN_ENUM_CONVERSION = YES;
				CLANG_WARN_INT_CONVERSION = YES;
				CLANG_WARN_OBJC_ROOT_CLASS = YES_ERROR;
				CLANG_WARN__DUPLICATE_METHOD_MATCH = YES;
				"CODE_SIGN_IDENTITY[sdk=iphoneos*]" = "iPhone Developer";
				COPY_PHASE_STRIP = NO;
				GCC_C_LANGUAGE_STANDARD = gnu99;
				GCC_DYNAMIC_NO_PIC = NO;
				GCC_OPTIMIZATION_LEVEL = 0;
				GCC_PREPROCESSOR_DEFINITIONS = (
					"DEBUG=1",
					"$(inherited)",
				);
				GCC_SYMBOLS_PRIVATE_EXTERN = NO;
				GCC_WARN_64_TO_32_BIT_CONVERSION = YES;
				GCC_WARN_ABOUT_RETURN_TYPE = YES_ERROR;
				GCC_WARN_UNDECLARED_SELECTOR = YES;
				GCC_WARN_UNINITIALIZED_AUTOS = YES_AGGRESSIVE;
				GCC_WARN_UNUSED_FUNCTION = YES;
				GCC_WARN_UNUSED_VARIABLE = YES;
				IPHONEOS_DEPLOYMENT_TARGET = 7.1;
				ONLY_ACTIVE_ARCH = YES;
				SDKROOT = iphoneos;
			};
			name = Debug;
		};
		3A5B253018E1CF0900BD9103 /* Release */ = {
			isa = XCBuildConfiguration;
			buildSettings = {
				ALWAYS_SEARCH_USER_PATHS = NO;
				CLANG_CXX_LANGUAGE_STANDARD = "gnu++0x";
				CLANG_CXX_LIBRARY = "libc++";
				CLANG_ENABLE_MODULES = YES;
				CLANG_ENABLE_OBJC_ARC = YES;
				CLANG_WARN_BOOL_CONVERSION = YES;
				CLANG_WARN_CONSTANT_CONVERSION = YES;
				CLANG_WARN_DIRECT_OBJC_ISA_USAGE = YES_ERROR;
				CLANG_WARN_EMPTY_BODY = YES;
				CLANG_WARN_ENUM_CONVERSION = YES;
				CLANG_WARN_INT_CONVERSION = YES;
				CLANG_WARN_OBJC_ROOT_CLASS = YES_ERROR;
				CLANG_WARN__DUPLICATE_METHOD_MATCH = YES;
				"CODE_SIGN_IDENTITY[sdk=iphoneos*]" = "iPhone Developer";
				COPY_PHASE_STRIP = YES;
				ENABLE_NS_ASSERTIONS = NO;
				GCC_C_LANGUAGE_STANDARD = gnu99;
				GCC_WARN_64_TO_32_BIT_CONVERSION = YES;
				GCC_WARN_ABOUT_RETURN_TYPE = YES_ERROR;
				GCC_WARN_UNDECLARED_SELECTOR = YES;
				GCC_WARN_UNINITIALIZED_AUTOS = YES_AGGRESSIVE;
				GCC_WARN_UNUSED_FUNCTION = YES;
				GCC_WARN_UNUSED_VARIABLE = YES;
				IPHONEOS_DEPLOYMENT_TARGET = 7.1;
				SDKROOT = iphoneos;
				VALIDATE_PRODUCT = YES;
			};
			name = Release;
		};
		3A5B253218E1CF0900BD9103 /* Debug */ = {
			isa = XCBuildConfiguration;
			buildSettings = {
				ASSETCATALOG_COMPILER_APPICON_NAME = AppIcon;
				ASSETCATALOG_COMPILER_LAUNCHIMAGE_NAME = LaunchImage;
				CODE_SIGN_IDENTITY = "iPhone Developer";
				GCC_PRECOMPILE_PREFIX_HEADER = YES;
				GCC_PREFIX_HEADER = "Playground/Playground-Prefix.pch";
				INFOPLIST_FILE = "Playground/Playground-Info.plist";
				PRODUCT_NAME = "$(TARGET_NAME)";
				WRAPPER_EXTENSION = app;
			};
			name = Debug;
		};
		3A5B253318E1CF0900BD9103 /* Release */ = {
			isa = XCBuildConfiguration;
			buildSettings = {
				ASSETCATALOG_COMPILER_APPICON_NAME = AppIcon;
				ASSETCATALOG_COMPILER_LAUNCHIMAGE_NAME = LaunchImage;
				CODE_SIGN_IDENTITY = "iPhone Developer";
				GCC_PRECOMPILE_PREFIX_HEADER = YES;
				GCC_PREFIX_HEADER = "Playground/Playground-Prefix.pch";
				INFOPLIST_FILE = "Playground/Playground-Info.plist";
				PRODUCT_NAME = "$(TARGET_NAME)";
				WRAPPER_EXTENSION = app;
			};
			name = Release;
		};
		3A5B253518E1CF0900BD9103 /* Debug */ = {
			isa = XCBuildConfiguration;
			buildSettings = {
				BUNDLE_LOADER = "$(BUILT_PRODUCTS_DIR)/Playground.app/Playground";
				FRAMEWORK_SEARCH_PATHS = (
					"$(SDKROOT)/Developer/Library/Frameworks",
					"$(inherited)",
					"$(DEVELOPER_FRAMEWORKS_DIR)",
				);
				GCC_PRECOMPILE_PREFIX_HEADER = YES;
				GCC_PREFIX_HEADER = "Playground/Playground-Prefix.pch";
				GCC_PREPROCESSOR_DEFINITIONS = (
					"DEBUG=1",
					"$(inherited)",
				);
				INFOPLIST_FILE = "PlaygroundTests/PlaygroundTests-Info.plist";
				PRODUCT_NAME = "$(TARGET_NAME)";
				TEST_HOST = "$(BUNDLE_LOADER)";
				WRAPPER_EXTENSION = xctest;
			};
			name = Debug;
		};
		3A5B253618E1CF0900BD9103 /* Release */ = {
			isa = XCBuildConfiguration;
			buildSettings = {
				BUNDLE_LOADER = "$(BUILT_PRODUCTS_DIR)/Playground.app/Playground";
				FRAMEWORK_SEARCH_PATHS = (
					"$(SDKROOT)/Developer/Library/Frameworks",
					"$(inherited)",
					"$(DEVELOPER_FRAMEWORKS_DIR)",
				);
				GCC_PRECOMPILE_PREFIX_HEADER = YES;
				GCC_PREFIX_HEADER = "Playground/Playground-Prefix.pch";
				INFOPLIST_FILE = "PlaygroundTests/PlaygroundTests-Info.plist";
				PRODUCT_NAME = "$(TARGET_NAME)";
				TEST_HOST = "$(BUNDLE_LOADER)";
				WRAPPER_EXTENSION = xctest;
			};
			name = Release;
		};
/* End XCBuildConfiguration section */

/* Begin XCConfigurationList section */
		3A5B250018E1CF0900BD9103 /* Build configuration list for PBXProject "Playground" */ = {
			isa = XCConfigurationList;
			buildConfigurations = (
				3A5B252F18E1CF0900BD9103 /* Debug */,
				3A5B253018E1CF0900BD9103 /* Release */,
			);
			defaultConfigurationIsVisible = 0;
			defaultConfigurationName = Release;
		};
		3A5B253118E1CF0900BD9103 /* Build configuration list for PBXNativeTarget "Playground" */ = {
			isa = XCConfigurationList;
			buildConfigurations = (
				3A5B253218E1CF0900BD9103 /* Debug */,
				3A5B253318E1CF0900BD9103 /* Release */,
			);
			defaultConfigurationIsVisible = 0;
		};
		3A5B253418E1CF0900BD9103 /* Build configuration list for PBXNativeTarget "PlaygroundTests" */ = {
			isa = XCConfigurationList;
			buildConfigurations = (
				3A5B253518E1CF0900BD9103 /* Debug */,
				3A5B253618E1CF0900BD9103 /* Release */,
			);
			defaultConfigurationIsVisible = 0;
		};
/* End XCConfigurationList section */
	};
	rootObject = 3A5B24FD18E1CF0900BD9103 /* Project object */;
}
